
Microsoft Visual Studio Solution File, Format Version 12.00
# Visual Studio Version 17
VisualStudioVersion = 17.5.33530.505
MinimumVisualStudioVersion = 10.0.40219.1
Project("{9A19103F-16F7-4668-BE54-9A1E7A4F7556}") = "Pos.API", "Pos.API.csproj", "{7E5B0D87-41BF-4A0B-B6E6-1C0C1B79EF83}"
EndProject
Global
	GlobalSection(SolutionConfigurationPlatforms) = preSolution
		Debug|Any CPU = Debug|Any CPU
		Release|Any CPU = Release|Any CPU
	EndGlobalSection
	GlobalSection(ProjectConfigurationPlatforms) = postSolution
		{7E5B0D87-41BF-4A0B-B6E6-1C0C1B79EF83}.Debug|Any CPU.ActiveCfg = Debug|Any CPU
		{7E5B0D87-41BF-4A0B-B6E6-1C0C1B79EF83}.Debug|Any CPU.Build.0 = Debug|Any CPU
		{7E5B0D87-41BF-4A0B-B6E6-1C0C1B79EF83}.Release|Any CPU.ActiveCfg = Release|Any CPU
		{7E5B0D87-41BF-4A0B-B6E6-1C0C1B79EF83}.Release|Any CPU.Build.0 = Release|Any CPU
	EndGlobalSection
	GlobalSection(SolutionProperties) = preSolution
		HideSolutionNode = FALSE
	EndGlobalSection
	GlobalSection(ExtensibilityGlobals) = postSolution
		SolutionGuid = {7707B188-DCE9-4E41-9277-B9367108717D}
	EndGlobalSection
EndGlobal
